
Microsoft Visual Studio Solution File, Format Version 12.00
Project("{FAE04EC0-301F-11D3-BF4B-00C04F79EFBC}") = "mp4-merger", "src\mp4-merger\mp4-merger.csproj", "{0065615A-DA87-4AED-9938-98786B76D5AF}"
EndProject
Global
	GlobalSection(SolutionConfigurationPlatforms) = preSolution
		Debug|Any CPU = Debug|Any CPU
		Release|Any CPU = Release|Any CPU
	EndGlobalSection
	GlobalSection(ProjectConfigurationPlatforms) = postSolution
		{0065615A-DA87-4AED-9938-98786B76D5AF}.Debug|Any CPU.ActiveCfg = Debug|Any CPU
		{0065615A-DA87-4AED-9938-98786B76D5AF}.Debug|Any CPU.Build.0 = Debug|Any CPU
		{0065615A-DA87-4AED-9938-98786B76D5AF}.Release|Any CPU.ActiveCfg = Release|Any CPU
		{0065615A-DA87-4AED-9938-98786B76D5AF}.Release|Any CPU.Build.0 = Release|Any CPU
	EndGlobalSection
EndGlobal
